
Microsoft Visual Studio Solution File, Format Version 12.00
# Visual Studio Version 16
VisualStudioVersion = 16.0.31205.134
MinimumVisualStudioVersion = 10.0.40219.1
Project("{FAE04EC0-301F-11D3-BF4B-00C04F79EFBC}") = "RestProjekt", "RestProjekt\RestProjekt.csproj", "{D28D6899-8426-46C7-84B0-FACD61CB8570}"
EndProject
Global
	GlobalSection(SolutionConfigurationPlatforms) = preSolution
		Debug|Any CPU = Debug|Any CPU
		Release|Any CPU = Release|Any CPU
	EndGlobalSection
	GlobalSection(ProjectConfigurationPlatforms) = postSolution
		{D28D6899-8426-46C7-84B0-FACD61CB8570}.Debug|Any CPU.ActiveCfg = Debug|Any CPU
		{D28D6899-8426-46C7-84B0-FACD61CB8570}.Debug|Any CPU.Build.0 = Debug|Any CPU
		{D28D6899-8426-46C7-84B0-FACD61CB8570}.Release|Any CPU.ActiveCfg = Release|Any CPU
		{D28D6899-8426-46C7-84B0-FACD61CB8570}.Release|Any CPU.Build.0 = Release|Any CPU
	EndGlobalSection
	GlobalSection(SolutionProperties) = preSolution
		HideSolutionNode = FALSE
	EndGlobalSection
	GlobalSection(ExtensibilityGlobals) = postSolution
		SolutionGuid = {EC95E530-43A1-485A-8637-F1B3315DD790}
	EndGlobalSection
EndGlobal
